<?xml version="1.0" encoding="utf-8"?>
<Project ToolsVersion="4.0" xmlns="http://schemas.microsoft.com/developer/msbuild/2003">
  <ItemGroup>
    <Filter Include="Source Files">
      <UniqueIdentifier>{4FC737F1-C7A5-4376-A066-2A32D752A2FF}</UniqueIdentifier>
      <Extensions>cpp;c;cc;cxx;def;odl;idl;hpj;bat;asm;asmx</Extensions>
    </Filter>
    <Filter Include="Source Files\ReflectTest">
      <UniqueIdentifier>{0423b888-d68e-491a-af43-adc6a93b26c6}</UniqueIdentifier>
    </Filter>
    <Filter Include="Header Files">
      <UniqueIdentifier>{8cf6c8e7-27ef-495e-81ac-0eb827b841d5}</UniqueIdentifier>
    </Filter>
  </ItemGroup>
  <ItemGroup>
    <ClCompile Include="JsonTest.cpp">
      <Filter>Source Files</Filter>
    </ClCompile>
    <ClCompile Include="TestMain.cpp">
      <Filter>Source Files</Filter>
    </ClCompile>
    <ClCompile Include="ConstexprStrTest.cpp">
      <Filter>Source Files\ReflectTest</Filter>
    </ClCompile>
    <ClCompile Include="GenericMacroTest.cpp">
      <Filter>Source Files\ReflectTest</Filter>
    </ClCompile>
    <ClCompile Include="ReflectTest.cpp">
      <Filter>Source Files\ReflectTest</Filter>
    </ClCompile>
    <ClCompile Include="ExtendedTypeSupportTest.cpp">
      <Filter>Source Files\ReflectTest</Filter>
    </ClCompile>
    <ClCompile Include="FieldTest.cpp">
      <Filter>Source Files\ReflectTest</Filter>
    </ClCompile>
    <ClCompile Include="JsonInputTest.cpp">
      <Filter>Source Files</Filter>
    </ClCompile>
    <ClCompile Include="StringBufferTest.cpp">
      <Filter>Source Files</Filter>
    </ClCompile>
  </ItemGroup>
  <ItemGroup>
    <ClInclude Include="JsonTest.h">
      <Filter>Header Files</Filter>
    </ClInclude>
    <ClInclude Include="JsonInputTest.h">
      <Filter>Header Files</Filter>
    </ClInclude>
  </ItemGroup>
</Project>