<?xml version="1.0" encoding="utf-8"?>
<Project ToolsVersion="4.0" xmlns="http://schemas.microsoft.com/developer/msbuild/2003">
  <ItemGroup>
    <Filter Include="Source Files">
      <UniqueIdentifier>{4FC737F1-C7A5-4376-A066-2A32D752A2FF}</UniqueIdentifier>
      <Extensions>cpp;c;cc;cxx;def;odl;idl;hpj;bat;asm;asmx</Extensions>
    </Filter>
    <Filter Include="Header Files">
      <UniqueIdentifier>{93995380-89BD-4b04-88EB-625FBE52EBFB}</UniqueIdentifier>
      <Extensions>h;hh;hpp;hxx;hm;inl;inc;ipp;xsd</Extensions>
    </Filter>
    <Filter Include="Source Files\experimental">
      <UniqueIdentifier>{b47d123a-d82b-43e1-8b75-dd938ddf90ac}</UniqueIdentifier>
    </Filter>
    <Filter Include="Source Files\examples">
      <UniqueIdentifier>{f135fb85-4c7a-448a-95a1-41cc8f8c732f}</UniqueIdentifier>
    </Filter>
    <Filter Include="Header Files\experimental">
      <UniqueIdentifier>{ec879c5c-8025-472a-ba9e-32ca9afd75ab}</UniqueIdentifier>
    </Filter>
    <Filter Include="Header Files\examples">
      <UniqueIdentifier>{4d497e52-a0ad-49f7-afa8-1f34e4eea2ba}</UniqueIdentifier>
    </Filter>
    <Filter Include="Source Files\examples\reflect_members">
      <UniqueIdentifier>{82bdb680-8926-4e98-9baf-359b67586b51}</UniqueIdentifier>
    </Filter>
    <Filter Include="Source Files\examples\legacy">
      <UniqueIdentifier>{6136e07d-35ee-4a5f-8c12-deaaf4a68c04}</UniqueIdentifier>
    </Filter>
    <Filter Include="Source Files\examples\reflect_supers">
      <UniqueIdentifier>{742e5b3f-e65f-4a9b-9a16-8130469832ca}</UniqueIdentifier>
    </Filter>
    <Filter Include="Source Files\examples\reflect_functions">
      <UniqueIdentifier>{7e582886-e1ec-4573-8dee-8dd6e1ba3c90}</UniqueIdentifier>
    </Filter>
    <Filter Include="Source Files\examples\reflect_overloads">
      <UniqueIdentifier>{30f70e68-3d6b-4379-9325-29237af90efa}</UniqueIdentifier>
    </Filter>
    <Filter Include="Source Files\examples\misc">
      <UniqueIdentifier>{24a41e5c-9fed-4993-974a-18006704a6bd}</UniqueIdentifier>
    </Filter>
    <Filter Include="Source Files\examples\adaptive_structures">
      <UniqueIdentifier>{ce3f59fd-51dc-4c4a-886f-dc1835c235d1}</UniqueIdentifier>
    </Filter>
    <Filter Include="Header Files\examples\legacy">
      <UniqueIdentifier>{51ef38f5-68e8-405b-b56d-298dbf3d9124}</UniqueIdentifier>
    </Filter>
    <Filter Include="Source Files\examples\rare_builder">
      <UniqueIdentifier>{8f3eb3b3-c98b-46e4-9d83-0961d57ce890}</UniqueIdentifier>
    </Filter>
    <Filter Include="Source Files\examples\rare_json">
      <UniqueIdentifier>{bccc3b95-b951-4de2-8700-7e60b986b50e}</UniqueIdentifier>
    </Filter>
    <Filter Include="Source Files\examples\reflection_notes">
      <UniqueIdentifier>{803d1629-00a9-4f17-acc0-31f542d7c208}</UniqueIdentifier>
    </Filter>
    <Filter Include="Source Files\examples\rare_mapper">
      <UniqueIdentifier>{30be93d4-33a2-4de8-8138-d3aa7803c98a}</UniqueIdentifier>
    </Filter>
    <Filter Include="Source Files\examples\reflect_private">
      <UniqueIdentifier>{3a86c3e8-3db1-4e94-9412-74ce5dc60ef3}</UniqueIdentifier>
    </Filter>
    <Filter Include="Source Files\examples\reflect_aggregate">
      <UniqueIdentifier>{a410b6d2-702b-4094-ba97-32101a340ee0}</UniqueIdentifier>
    </Filter>
  </ItemGroup>
  <ItemGroup>
    <ClInclude Include="examples\car.h">
      <Filter>Header Files\examples\legacy</Filter>
    </ClInclude>
    <ClInclude Include="examples\json_customization.h">
      <Filter>Header Files\examples\legacy</Filter>
    </ClInclude>
    <ClInclude Include="experimental\structure_browser.h">
      <Filter>Header Files\experimental</Filter>
    </ClInclude>
    <ClInclude Include="menu.h">
      <Filter>Header Files</Filter>
    </ClInclude>
    <ClInclude Include="examples\declare_examples.h">
      <Filter>Header Files\examples</Filter>
    </ClInclude>
  </ItemGroup>
  <ItemGroup>
    <ClCompile Include="main.cpp">
      <Filter>Source Files</Filter>
    </ClCompile>
    <ClCompile Include="experimental\rest.cpp">
      <Filter>Source Files\experimental</Filter>
    </ClCompile>
    <ClCompile Include="examples\legacy_reflection_limits.cpp">
      <Filter>Source Files\examples\legacy</Filter>
    </ClCompile>
    <ClCompile Include="examples\legacy_annotated_supers.cpp">
      <Filter>Source Files\examples\legacy</Filter>
    </ClCompile>
    <ClCompile Include="examples\legacy_basic_reflection.cpp">
      <Filter>Source Files\examples\legacy</Filter>
    </ClCompile>
    <ClCompile Include="examples\legacy_functions.cpp">
      <Filter>Source Files\examples\legacy</Filter>
    </ClCompile>
    <ClCompile Include="examples\legacy_global_reflection.cpp">
      <Filter>Source Files\examples\legacy</Filter>
    </ClCompile>
    <ClCompile Include="examples\legacy_json_customization.cpp">
      <Filter>Source Files\examples\legacy</Filter>
    </ClCompile>
    <ClCompile Include="examples\legacy_json_dynamic.cpp">
      <Filter>Source Files\examples\legacy</Filter>
    </ClCompile>
    <ClCompile Include="examples\legacy_object_mapper.cpp">
      <Filter>Source Files\examples\legacy</Filter>
    </ClCompile>
    <ClCompile Include="examples\member_access_by_constexpr_index.cpp">
      <Filter>Source Files\examples\reflect_members</Filter>
    </ClCompile>
    <ClCompile Include="examples\member_define_iterate_modify.cpp">
      <Filter>Source Files\examples\reflect_members</Filter>
    </ClCompile>
    <ClCompile Include="examples\member_access_by_name.cpp">
      <Filter>Source Files\examples\reflect_members</Filter>
    </ClCompile>
    <ClCompile Include="examples\member_access_by_runtime_index.cpp">
      <Filter>Source Files\examples\reflect_members</Filter>
    </ClCompile>
    <ClCompile Include="examples\member_access_protection_modifier.cpp">
      <Filter>Source Files\examples\reflect_members</Filter>
    </ClCompile>
    <ClCompile Include="examples\member_filter_constexpr_if.cpp">
      <Filter>Source Files\examples\reflect_members</Filter>
    </ClCompile>
    <ClCompile Include="examples\member_filter_predicate.cpp">
      <Filter>Source Files\examples\reflect_members</Filter>
    </ClCompile>
    <ClCompile Include="examples\member_metadata_by_identifier.cpp">
      <Filter>Source Files\examples\reflect_members</Filter>
    </ClCompile>
    <ClCompile Include="examples\member_pack_fold.cpp">
      <Filter>Source Files\examples\reflect_members</Filter>
    </ClCompile>
    <ClCompile Include="examples\super_access_by_constexpr_index.cpp">
      <Filter>Source Files\examples\reflect_supers</Filter>
    </ClCompile>
    <ClCompile Include="examples\super_access_by_runtime_index.cpp">
      <Filter>Source Files\examples\reflect_supers</Filter>
    </ClCompile>
    <ClCompile Include="examples\super_define_iterate.cpp">
      <Filter>Source Files\examples\reflect_supers</Filter>
    </ClCompile>
    <ClCompile Include="examples\super_traverse_tree.cpp">
      <Filter>Source Files\examples\reflect_supers</Filter>
    </ClCompile>
    <ClCompile Include="examples\function_build_and_call.cpp">
      <Filter>Source Files\examples\reflect_functions</Filter>
    </ClCompile>
    <ClCompile Include="examples\function_define_iterate_call.cpp">
      <Filter>Source Files\examples\reflect_functions</Filter>
    </ClCompile>
    <ClCompile Include="examples\overload_access_by_constexpr_index.cpp">
      <Filter>Source Files\examples\reflect_overloads</Filter>
    </ClCompile>
    <ClCompile Include="examples\overload_access_by_runtime_index.cpp">
      <Filter>Source Files\examples\reflect_overloads</Filter>
    </ClCompile>
    <ClCompile Include="examples\overload_cvref_qualifications.cpp">
      <Filter>Source Files\examples\reflect_overloads</Filter>
    </ClCompile>
    <ClCompile Include="examples\overload_define_iterate_call.cpp">
      <Filter>Source Files\examples\reflect_overloads</Filter>
    </ClCompile>
    <ClCompile Include="examples\overload_non_noted_argument_sets.cpp">
      <Filter>Source Files\examples\reflect_overloads</Filter>
    </ClCompile>
    <ClCompile Include="examples\overload_pack_expand.cpp">
      <Filter>Source Files\examples\reflect_overloads</Filter>
    </ClCompile>
    <ClCompile Include="examples\misc_make_tuple.cpp">
      <Filter>Source Files\examples\misc</Filter>
    </ClCompile>
    <ClCompile Include="examples\misc_runtime_to_constexpr_index.cpp">
      <Filter>Source Files\examples\misc</Filter>
    </ClCompile>
    <ClCompile Include="examples\misc_type_to_string.cpp">
      <Filter>Source Files\examples\misc</Filter>
    </ClCompile>
    <ClCompile Include="examples\misc_whitebox_testing.cpp">
      <Filter>Source Files\examples\misc</Filter>
    </ClCompile>
    <ClCompile Include="examples\adaptive_clone_structure.cpp">
      <Filter>Source Files\examples\adaptive_structures</Filter>
    </ClCompile>
    <ClCompile Include="examples\adaptive_implement_builder.cpp">
      <Filter>Source Files\examples\adaptive_structures</Filter>
    </ClCompile>
    <ClCompile Include="examples\adaptive_implement_change_listener.cpp">
      <Filter>Source Files\examples\adaptive_structures</Filter>
    </ClCompile>
    <ClCompile Include="examples\adaptive_implement_mapper.cpp">
      <Filter>Source Files\examples\adaptive_structures</Filter>
    </ClCompile>
    <ClCompile Include="examples\adaptive_implement_whiteboxer.cpp">
      <Filter>Source Files\examples\adaptive_structures</Filter>
    </ClCompile>
    <ClCompile Include="examples\adaptive_typedef_structure.cpp">
      <Filter>Source Files\examples\adaptive_structures</Filter>
    </ClCompile>
    <ClCompile Include="examples\builder_aggregated.cpp">
      <Filter>Source Files\examples\rare_builder</Filter>
    </ClCompile>
    <ClCompile Include="examples\builder_simple.cpp">
      <Filter>Source Files\examples\rare_builder</Filter>
    </ClCompile>
    <ClCompile Include="examples\builder_validated.cpp">
      <Filter>Source Files\examples\rare_builder</Filter>
    </ClCompile>
    <ClCompile Include="examples\mapper_custom_field_mapping.cpp">
      <Filter>Source Files\examples\rare_mapper</Filter>
    </ClCompile>
    <ClCompile Include="examples\mapper_trivial_mapping.cpp">
      <Filter>Source Files\examples\rare_mapper</Filter>
    </ClCompile>
    <ClCompile Include="examples\mapper_using_standard_mappings.cpp">
      <Filter>Source Files\examples\rare_mapper</Filter>
    </ClCompile>
    <ClCompile Include="examples\json_basic.cpp">
      <Filter>Source Files\examples\rare_json</Filter>
    </ClCompile>
    <ClCompile Include="examples\json_customizations.cpp">
      <Filter>Source Files\examples\rare_json</Filter>
    </ClCompile>
    <ClCompile Include="examples\json_unknown_fields.cpp">
      <Filter>Source Files\examples\rare_json</Filter>
    </ClCompile>
    <ClCompile Include="examples\note_anonymous.cpp">
      <Filter>Source Files\examples\reflection_notes</Filter>
    </ClCompile>
    <ClCompile Include="examples\note_class.cpp">
      <Filter>Source Files\examples\reflection_notes</Filter>
    </ClCompile>
    <ClCompile Include="examples\note_class_members.cpp">
      <Filter>Source Files\examples\reflection_notes</Filter>
    </ClCompile>
    <ClCompile Include="examples\note_filtered.cpp">
      <Filter>Source Files\examples\reflection_notes</Filter>
    </ClCompile>
    <ClCompile Include="examples\member_reflect_outside_of_class.cpp">
      <Filter>Source Files\examples\reflect_members</Filter>
    </ClCompile>
    <ClCompile Include="examples\builder_member_availability.cpp">
      <Filter>Source Files\examples\rare_builder</Filter>
    </ClCompile>
    <ClCompile Include="examples\misc_direct_tuplification.cpp">
      <Filter>Source Files\examples\misc</Filter>
    </ClCompile>
    <ClCompile Include="examples\misc_tuplify.cpp">
      <Filter>Source Files\examples\misc</Filter>
    </ClCompile>
    <ClCompile Include="examples\unowned_private_notes.cpp">
      <Filter>Source Files\examples\reflect_private</Filter>
    </ClCompile>
    <ClCompile Include="examples\unowned_private_reflect.cpp">
      <Filter>Source Files\examples\reflect_private</Filter>
    </ClCompile>
    <ClCompile Include="examples\auto_reflect_aggregate.cpp">
      <Filter>Source Files\examples\reflect_aggregate</Filter>
    </ClCompile>
    <ClCompile Include="experimental\tracking.cpp">
      <Filter>Source Files\experimental</Filter>
    </ClCompile>
  </ItemGroup>
</Project>